
Microsoft Visual Studio Solution File, Format Version 12.00
# Visual Studio Version 17
VisualStudioVersion = 17.7.34202.233
MinimumVisualStudioVersion = 10.0.40219.1
Project("{FAE04EC0-301F-11D3-BF4B-00C04F79EFBC}") = "EntityFramework_Prueba", "EntityFramework_Prueba\EntityFramework_Prueba.csproj", "{464C9BA5-9873-4824-802D-03D4F030AB2F}"
EndProject
Project("{FAE04EC0-301F-11D3-BF4B-00C04F79EFBC}") = "Entidades", "Entidades\Entidades.csproj", "{DBFC6F83-E6CF-4F8C-9891-76B7270647F3}"
EndProject
Global
	GlobalSection(SolutionConfigurationPlatforms) = preSolution
		Debug|Any CPU = Debug|Any CPU
		Release|Any CPU = Release|Any CPU
	EndGlobalSection
	GlobalSection(ProjectConfigurationPlatforms) = postSolution
		{464C9BA5-9873-4824-802D-03D4F030AB2F}.Debug|Any CPU.ActiveCfg = Debug|Any CPU
		{464C9BA5-9873-4824-802D-03D4F030AB2F}.Debug|Any CPU.Build.0 = Debug|Any CPU
		{464C9BA5-9873-4824-802D-03D4F030AB2F}.Release|Any CPU.ActiveCfg = Release|Any CPU
		{464C9BA5-9873-4824-802D-03D4F030AB2F}.Release|Any CPU.Build.0 = Release|Any CPU
		{DBFC6F83-E6CF-4F8C-9891-76B7270647F3}.Debug|Any CPU.ActiveCfg = Debug|Any CPU
		{DBFC6F83-E6CF-4F8C-9891-76B7270647F3}.Debug|Any CPU.Build.0 = Debug|Any CPU
		{DBFC6F83-E6CF-4F8C-9891-76B7270647F3}.Release|Any CPU.ActiveCfg = Release|Any CPU
		{DBFC6F83-E6CF-4F8C-9891-76B7270647F3}.Release|Any CPU.Build.0 = Release|Any CPU
	EndGlobalSection
	GlobalSection(SolutionProperties) = preSolution
		HideSolutionNode = FALSE
	EndGlobalSection
	GlobalSection(ExtensibilityGlobals) = postSolution
		SolutionGuid = {6A151261-5DBD-45A7-A726-6F26047E40DB}
	EndGlobalSection
EndGlobal
